
Microsoft Visual Studio Solution File, Format Version 12.00
# Visual Studio Version 16
VisualStudioVersion = 16.0.32602.291
MinimumVisualStudioVersion = 10.0.40219.1
Project("{FAE04EC0-301F-11D3-BF4B-00C04F79EFBC}") = "IWeShop", "IWeShop\IWeShop.csproj", "{D169527D-9EB4-4EEC-B653-E124974F2061}"
EndProject
Global
	GlobalSection(SolutionConfigurationPlatforms) = preSolution
		Debug|Any CPU = Debug|Any CPU
		Release|Any CPU = Release|Any CPU
	EndGlobalSection
	GlobalSection(ProjectConfigurationPlatforms) = postSolution
		{D169527D-9EB4-4EEC-B653-E124974F2061}.Debug|Any CPU.ActiveCfg = Debug|Any CPU
		{D169527D-9EB4-4EEC-B653-E124974F2061}.Debug|Any CPU.Build.0 = Debug|Any CPU
		{D169527D-9EB4-4EEC-B653-E124974F2061}.Release|Any CPU.ActiveCfg = Release|Any CPU
		{D169527D-9EB4-4EEC-B653-E124974F2061}.Release|Any CPU.Build.0 = Release|Any CPU
	EndGlobalSection
	GlobalSection(SolutionProperties) = preSolution
		HideSolutionNode = FALSE
	EndGlobalSection
	GlobalSection(ExtensibilityGlobals) = postSolution
		SolutionGuid = {4C67C6D0-DF8B-49FE-A922-5DF44B179EC0}
	EndGlobalSection
EndGlobal
